
Microsoft Visual Studio Solution File, Format Version 12.00
# Visual Studio Version 17
VisualStudioVersion = 17.9.34728.123
MinimumVisualStudioVersion = 10.0.40219.1
Project("{FAE04EC0-301F-11D3-BF4B-00C04F79EFBC}") = "Diablo2Tools", "Diablo2Tools\Diablo2Tools.csproj", "{0BE9C0E5-44E9-4D98-9A7E-58A649B66D96}"
EndProject
Global
	GlobalSection(SolutionConfigurationPlatforms) = preSolution
		Debug|Any CPU = Debug|Any CPU
		Release|Any CPU = Release|Any CPU
	EndGlobalSection
	GlobalSection(ProjectConfigurationPlatforms) = postSolution
		{0BE9C0E5-44E9-4D98-9A7E-58A649B66D96}.Debug|Any CPU.ActiveCfg = Debug|Any CPU
		{0BE9C0E5-44E9-4D98-9A7E-58A649B66D96}.Debug|Any CPU.Build.0 = Debug|Any CPU
		{0BE9C0E5-44E9-4D98-9A7E-58A649B66D96}.Release|Any CPU.ActiveCfg = Release|Any CPU
		{0BE9C0E5-44E9-4D98-9A7E-58A649B66D96}.Release|Any CPU.Build.0 = Release|Any CPU
	EndGlobalSection
	GlobalSection(SolutionProperties) = preSolution
		HideSolutionNode = FALSE
	EndGlobalSection
	GlobalSection(ExtensibilityGlobals) = postSolution
		SolutionGuid = {5A6CBA8C-7DB9-496F-8692-DBEC9FCE7BAC}
	EndGlobalSection
EndGlobal
